
Microsoft Visual Studio Solution File, Format Version 12.00
# Visual Studio Version 18
VisualStudioVersion = 18.2.11415.280 d18.0
MinimumVisualStudioVersion = 10.0.40219.1
Project("{FAE04EC0-301F-11D3-BF4B-00C04F79EFBC}") = "Kyudosudoku", "Src\Kyudosudoku.csproj", "{A1B6903E-173F-4252-86BF-C231B6D54732}"
EndProject
Project("{9A19103F-16F7-4668-BE54-9A1E7A4F7556}") = "PuzzleSolvers", "..\PuzzleSolvers\Src\PuzzleSolvers.csproj", "{813EF7F3-6861-4A47-AD6D-C4C8B4AD6B75}"
EndProject
Project("{9A19103F-16F7-4668-BE54-9A1E7A4F7556}") = "SvgPuzzleConstraints", "..\SvgPuzzleConstraints\Src\SvgPuzzleConstraints.csproj", "{1444AC01-5FB9-4A7C-9DDD-98F3DECBBD41}"
EndProject
Project("{FAE04EC0-301F-11D3-BF4B-00C04F79EFBC}") = "RT.PostBuild", "..\RT.Util\RT.PostBuild\RT.PostBuild.csproj", "{F1977A9D-DE51-0354-3C51-C1D9DB4A5520}"
EndProject
Project("{FAE04EC0-301F-11D3-BF4B-00C04F79EFBC}") = "RT.Serialization", "..\RT.Util\RT.Serialization\RT.Serialization.csproj", "{A8AF4D43-0B8E-C450-615E-359760C39298}"
EndProject
Project("{FAE04EC0-301F-11D3-BF4B-00C04F79EFBC}") = "RT.Serialization.Binary", "..\RT.Util\RT.Serialization.Binary\RT.Serialization.Binary.csproj", "{03BAF9FC-CF78-14B9-A183-C758E7EDB463}"
EndProject
Project("{FAE04EC0-301F-11D3-BF4B-00C04F79EFBC}") = "RT.Serialization.Json", "..\RT.Util\RT.Serialization.Json\RT.Serialization.Json.csproj", "{76D1A32D-9517-0EA6-E30E-4AD373155FDD}"
EndProject
Project("{FAE04EC0-301F-11D3-BF4B-00C04F79EFBC}") = "RT.Serialization.Xml", "..\RT.Util\RT.Serialization.Xml\RT.Serialization.Xml.csproj", "{8CC207AC-3E9C-2C68-130B-3BCF02860A43}"
EndProject
Project("{FAE04EC0-301F-11D3-BF4B-00C04F79EFBC}") = "RT.Util.Core", "..\RT.Util\RT.Util.Core\RT.Util.Core.csproj", "{45112116-A549-97E2-5AB1-8CDC7AE4B250}"
EndProject
Project("{FAE04EC0-301F-11D3-BF4B-00C04F79EFBC}") = "RT.Servers", "..\RT.Servers\Src\RT.Servers.csproj", "{F8F682B6-8315-3203-B8D0-22C305F9842B}"
EndProject
Project("{FAE04EC0-301F-11D3-BF4B-00C04F79EFBC}") = "RT.Json", "..\RT.Util\RT.Json\RT.Json.csproj", "{F0BE6EDB-2FAF-87D9-6136-4CE1236DF0AF}"
EndProject
Project("{FAE04EC0-301F-11D3-BF4B-00C04F79EFBC}") = "PropellerApi", "..\Propeller\API\PropellerApi.csproj", "{47A4A423-C736-F504-42E3-452DF6B48684}"
EndProject
Project("{FAE04EC0-301F-11D3-BF4B-00C04F79EFBC}") = "RT.CommandLine", "..\RT.CommandLine\Src\RT.CommandLine.csproj", "{A24F12E2-7F7B-6E9C-1AAB-5C9B8A3E9D1E}"
EndProject
Project("{FAE04EC0-301F-11D3-BF4B-00C04F79EFBC}") = "RT.TagSoup", "..\RT.TagSoup\Src\RT.TagSoup.csproj", "{76229D48-99C5-AAC0-C9CA-595B7AFD4BAD}"
EndProject
Global
	GlobalSection(SolutionConfigurationPlatforms) = preSolution
		Debug-locallibs|Any CPU = Debug-locallibs|Any CPU
		Debug-Nuget|Any CPU = Debug-Nuget|Any CPU
		Release|Any CPU = Release|Any CPU
	EndGlobalSection
	GlobalSection(ProjectConfigurationPlatforms) = postSolution
		{A1B6903E-173F-4252-86BF-C231B6D54732}.Debug-locallibs|Any CPU.ActiveCfg = Debug-locallibs|Any CPU
		{A1B6903E-173F-4252-86BF-C231B6D54732}.Debug-locallibs|Any CPU.Build.0 = Debug-locallibs|Any CPU
		{A1B6903E-173F-4252-86BF-C231B6D54732}.Debug-Nuget|Any CPU.ActiveCfg = Debug-Nuget|Any CPU
		{A1B6903E-173F-4252-86BF-C231B6D54732}.Debug-Nuget|Any CPU.Build.0 = Debug-Nuget|Any CPU
		{A1B6903E-173F-4252-86BF-C231B6D54732}.Release|Any CPU.ActiveCfg = Release|Any CPU
		{A1B6903E-173F-4252-86BF-C231B6D54732}.Release|Any CPU.Build.0 = Release|Any CPU
		{813EF7F3-6861-4A47-AD6D-C4C8B4AD6B75}.Debug-locallibs|Any CPU.ActiveCfg = Debug-locallibs|Any CPU
		{813EF7F3-6861-4A47-AD6D-C4C8B4AD6B75}.Debug-locallibs|Any CPU.Build.0 = Debug-locallibs|Any CPU
		{813EF7F3-6861-4A47-AD6D-C4C8B4AD6B75}.Debug-Nuget|Any CPU.ActiveCfg = Debug-Nuget|Any CPU
		{813EF7F3-6861-4A47-AD6D-C4C8B4AD6B75}.Debug-Nuget|Any CPU.Build.0 = Debug-Nuget|Any CPU
		{813EF7F3-6861-4A47-AD6D-C4C8B4AD6B75}.Release|Any CPU.ActiveCfg = Release|Any CPU
		{813EF7F3-6861-4A47-AD6D-C4C8B4AD6B75}.Release|Any CPU.Build.0 = Release|Any CPU
		{1444AC01-5FB9-4A7C-9DDD-98F3DECBBD41}.Debug-locallibs|Any CPU.ActiveCfg = Debug-locallibs|Any CPU
		{1444AC01-5FB9-4A7C-9DDD-98F3DECBBD41}.Debug-locallibs|Any CPU.Build.0 = Debug-locallibs|Any CPU
		{1444AC01-5FB9-4A7C-9DDD-98F3DECBBD41}.Debug-Nuget|Any CPU.ActiveCfg = Debug-Nuget|Any CPU
		{1444AC01-5FB9-4A7C-9DDD-98F3DECBBD41}.Debug-Nuget|Any CPU.Build.0 = Debug-Nuget|Any CPU
		{1444AC01-5FB9-4A7C-9DDD-98F3DECBBD41}.Release|Any CPU.ActiveCfg = Release|Any CPU
		{1444AC01-5FB9-4A7C-9DDD-98F3DECBBD41}.Release|Any CPU.Build.0 = Release|Any CPU
		{F1977A9D-DE51-0354-3C51-C1D9DB4A5520}.Debug-locallibs|Any CPU.ActiveCfg = Debug|Any CPU
		{F1977A9D-DE51-0354-3C51-C1D9DB4A5520}.Debug-locallibs|Any CPU.Build.0 = Debug|Any CPU
		{F1977A9D-DE51-0354-3C51-C1D9DB4A5520}.Debug-Nuget|Any CPU.ActiveCfg = Debug|Any CPU
		{F1977A9D-DE51-0354-3C51-C1D9DB4A5520}.Debug-Nuget|Any CPU.Build.0 = Debug|Any CPU
		{F1977A9D-DE51-0354-3C51-C1D9DB4A5520}.Release|Any CPU.ActiveCfg = Release|Any CPU
		{F1977A9D-DE51-0354-3C51-C1D9DB4A5520}.Release|Any CPU.Build.0 = Release|Any CPU
		{A8AF4D43-0B8E-C450-615E-359760C39298}.Debug-locallibs|Any CPU.ActiveCfg = Debug-locallibs|Any CPU
		{A8AF4D43-0B8E-C450-615E-359760C39298}.Debug-locallibs|Any CPU.Build.0 = Debug-locallibs|Any CPU
		{A8AF4D43-0B8E-C450-615E-359760C39298}.Debug-Nuget|Any CPU.ActiveCfg = Debug-Nuget|Any CPU
		{A8AF4D43-0B8E-C450-615E-359760C39298}.Debug-Nuget|Any CPU.Build.0 = Debug-Nuget|Any CPU
		{A8AF4D43-0B8E-C450-615E-359760C39298}.Release|Any CPU.ActiveCfg = Release|Any CPU
		{A8AF4D43-0B8E-C450-615E-359760C39298}.Release|Any CPU.Build.0 = Release|Any CPU
		{03BAF9FC-CF78-14B9-A183-C758E7EDB463}.Debug-locallibs|Any CPU.ActiveCfg = Debug|Any CPU
		{03BAF9FC-CF78-14B9-A183-C758E7EDB463}.Debug-locallibs|Any CPU.Build.0 = Debug|Any CPU
		{03BAF9FC-CF78-14B9-A183-C758E7EDB463}.Debug-Nuget|Any CPU.ActiveCfg = Debug|Any CPU
		{03BAF9FC-CF78-14B9-A183-C758E7EDB463}.Debug-Nuget|Any CPU.Build.0 = Debug|Any CPU
		{03BAF9FC-CF78-14B9-A183-C758E7EDB463}.Release|Any CPU.ActiveCfg = Release|Any CPU
		{03BAF9FC-CF78-14B9-A183-C758E7EDB463}.Release|Any CPU.Build.0 = Release|Any CPU
		{76D1A32D-9517-0EA6-E30E-4AD373155FDD}.Debug-locallibs|Any CPU.ActiveCfg = Debug|Any CPU
		{76D1A32D-9517-0EA6-E30E-4AD373155FDD}.Debug-locallibs|Any CPU.Build.0 = Debug|Any CPU
		{76D1A32D-9517-0EA6-E30E-4AD373155FDD}.Debug-Nuget|Any CPU.ActiveCfg = Debug|Any CPU
		{76D1A32D-9517-0EA6-E30E-4AD373155FDD}.Debug-Nuget|Any CPU.Build.0 = Debug|Any CPU
		{76D1A32D-9517-0EA6-E30E-4AD373155FDD}.Release|Any CPU.ActiveCfg = Release|Any CPU
		{76D1A32D-9517-0EA6-E30E-4AD373155FDD}.Release|Any CPU.Build.0 = Release|Any CPU
		{8CC207AC-3E9C-2C68-130B-3BCF02860A43}.Debug-locallibs|Any CPU.ActiveCfg = Debug|Any CPU
		{8CC207AC-3E9C-2C68-130B-3BCF02860A43}.Debug-locallibs|Any CPU.Build.0 = Debug|Any CPU
		{8CC207AC-3E9C-2C68-130B-3BCF02860A43}.Debug-Nuget|Any CPU.ActiveCfg = Debug|Any CPU
		{8CC207AC-3E9C-2C68-130B-3BCF02860A43}.Debug-Nuget|Any CPU.Build.0 = Debug|Any CPU
		{8CC207AC-3E9C-2C68-130B-3BCF02860A43}.Release|Any CPU.ActiveCfg = Release|Any CPU
		{8CC207AC-3E9C-2C68-130B-3BCF02860A43}.Release|Any CPU.Build.0 = Release|Any CPU
		{45112116-A549-97E2-5AB1-8CDC7AE4B250}.Debug-locallibs|Any CPU.ActiveCfg = Debug|Any CPU
		{45112116-A549-97E2-5AB1-8CDC7AE4B250}.Debug-locallibs|Any CPU.Build.0 = Debug|Any CPU
		{45112116-A549-97E2-5AB1-8CDC7AE4B250}.Debug-Nuget|Any CPU.ActiveCfg = Debug|Any CPU
		{45112116-A549-97E2-5AB1-8CDC7AE4B250}.Debug-Nuget|Any CPU.Build.0 = Debug|Any CPU
		{45112116-A549-97E2-5AB1-8CDC7AE4B250}.Release|Any CPU.ActiveCfg = Release|Any CPU
		{45112116-A549-97E2-5AB1-8CDC7AE4B250}.Release|Any CPU.Build.0 = Release|Any CPU
		{F8F682B6-8315-3203-B8D0-22C305F9842B}.Debug-locallibs|Any CPU.ActiveCfg = Debug-locallibs|Any CPU
		{F8F682B6-8315-3203-B8D0-22C305F9842B}.Debug-locallibs|Any CPU.Build.0 = Debug-locallibs|Any CPU
		{F8F682B6-8315-3203-B8D0-22C305F9842B}.Debug-Nuget|Any CPU.ActiveCfg = Debug-Nuget|Any CPU
		{F8F682B6-8315-3203-B8D0-22C305F9842B}.Debug-Nuget|Any CPU.Build.0 = Debug-Nuget|Any CPU
		{F8F682B6-8315-3203-B8D0-22C305F9842B}.Release|Any CPU.ActiveCfg = Release|Any CPU
		{F8F682B6-8315-3203-B8D0-22C305F9842B}.Release|Any CPU.Build.0 = Release|Any CPU
		{F0BE6EDB-2FAF-87D9-6136-4CE1236DF0AF}.Debug-locallibs|Any CPU.ActiveCfg = Debug|Any CPU
		{F0BE6EDB-2FAF-87D9-6136-4CE1236DF0AF}.Debug-locallibs|Any CPU.Build.0 = Debug|Any CPU
		{F0BE6EDB-2FAF-87D9-6136-4CE1236DF0AF}.Debug-Nuget|Any CPU.ActiveCfg = Debug|Any CPU
		{F0BE6EDB-2FAF-87D9-6136-4CE1236DF0AF}.Debug-Nuget|Any CPU.Build.0 = Debug|Any CPU
		{F0BE6EDB-2FAF-87D9-6136-4CE1236DF0AF}.Release|Any CPU.ActiveCfg = Release|Any CPU
		{F0BE6EDB-2FAF-87D9-6136-4CE1236DF0AF}.Release|Any CPU.Build.0 = Release|Any CPU
		{47A4A423-C736-F504-42E3-452DF6B48684}.Debug-locallibs|Any CPU.ActiveCfg = Debug-locallibs|Any CPU
		{47A4A423-C736-F504-42E3-452DF6B48684}.Debug-locallibs|Any CPU.Build.0 = Debug-locallibs|Any CPU
		{47A4A423-C736-F504-42E3-452DF6B48684}.Debug-Nuget|Any CPU.ActiveCfg = Debug-Nuget|Any CPU
		{47A4A423-C736-F504-42E3-452DF6B48684}.Debug-Nuget|Any CPU.Build.0 = Debug-Nuget|Any CPU
		{47A4A423-C736-F504-42E3-452DF6B48684}.Release|Any CPU.ActiveCfg = Release|Any CPU
		{47A4A423-C736-F504-42E3-452DF6B48684}.Release|Any CPU.Build.0 = Release|Any CPU
		{A24F12E2-7F7B-6E9C-1AAB-5C9B8A3E9D1E}.Debug-locallibs|Any CPU.ActiveCfg = Debug-locallibs|Any CPU
		{A24F12E2-7F7B-6E9C-1AAB-5C9B8A3E9D1E}.Debug-locallibs|Any CPU.Build.0 = Debug-locallibs|Any CPU
		{A24F12E2-7F7B-6E9C-1AAB-5C9B8A3E9D1E}.Debug-Nuget|Any CPU.ActiveCfg = Debug-Nuget|Any CPU
		{A24F12E2-7F7B-6E9C-1AAB-5C9B8A3E9D1E}.Debug-Nuget|Any CPU.Build.0 = Debug-Nuget|Any CPU
		{A24F12E2-7F7B-6E9C-1AAB-5C9B8A3E9D1E}.Release|Any CPU.ActiveCfg = Release|Any CPU
		{A24F12E2-7F7B-6E9C-1AAB-5C9B8A3E9D1E}.Release|Any CPU.Build.0 = Release|Any CPU
		{76229D48-99C5-AAC0-C9CA-595B7AFD4BAD}.Debug-locallibs|Any CPU.ActiveCfg = Debug|Any CPU
		{76229D48-99C5-AAC0-C9CA-595B7AFD4BAD}.Debug-locallibs|Any CPU.Build.0 = Debug|Any CPU
		{76229D48-99C5-AAC0-C9CA-595B7AFD4BAD}.Debug-Nuget|Any CPU.ActiveCfg = Debug|Any CPU
		{76229D48-99C5-AAC0-C9CA-595B7AFD4BAD}.Debug-Nuget|Any CPU.Build.0 = Debug|Any CPU
		{76229D48-99C5-AAC0-C9CA-595B7AFD4BAD}.Release|Any CPU.ActiveCfg = Release|Any CPU
		{76229D48-99C5-AAC0-C9CA-595B7AFD4BAD}.Release|Any CPU.Build.0 = Release|Any CPU
	EndGlobalSection
	GlobalSection(SolutionProperties) = preSolution
		HideSolutionNode = FALSE
	EndGlobalSection
	GlobalSection(ExtensibilityGlobals) = postSolution
		SolutionGuid = {D4B714E4-2F8F-434C-9756-AED0E28A5C01}
	EndGlobalSection
EndGlobal
